PODS:
  - Bugsnag (6.22.1)
  - CryptoSwift (1.5.1)
  - NeedleFoundation (0.18.1)
  - Nimble (8.0.2)
  - PromiseKit/CoreLocation (6.1.1):
    - PromiseKit/CorePromise
  - PromiseKit/CorePromise (6.1.1)
  - Quick (2.1.0)
  - RIBs (0.13.0):
    - RxRelay (~> 6.5.0)
    - RxSwift (~> 6.5.0)
  - RxCocoa (6.5.0):
    - RxRelay (= 6.5.0)
    - RxSwift (= 6.5.0)
  - RxRelay (6.5.0):
    - RxSwift (= 6.5.0)
  - RxSwift (6.5.0)
  - SnapKit (4.0.1)

DEPENDENCIES:
  - Bugsnag
  - CryptoSwift
  - NeedleFoundation (from `./LocalPods/NeedleFoundation/NeedleFoundation.podspec`)
  - Nimble (= 8.0.2)
  - PromiseKit/CoreLocation (= 6.1.1)
  - PromiseKit/CorePromise (= 6.1.1)
  - Quick (= 2.1.0)
  - RIBs (from `./LocalPods/RIBs/RIBs.podspec`)
  - RxCocoa (~> 6.5.0)
  - SnapKit (~> 4.0.0)

SPEC REPOS:
  trunk:
    - Bugsnag
    - CryptoSwift
    - Nimble
    - PromiseKit
    - Quick
    - RxCocoa
    - RxRelay
    - RxSwift
    - SnapKit

EXTERNAL SOURCES:
  NeedleFoundation:
    :podspec: "./LocalPods/NeedleFoundation/NeedleFoundation.podspec"
  RIBs:
    :podspec: "./LocalPods/RIBs/RIBs.podspec"

SPEC CHECKSUMS:
  Bugsnag: b4bb2590d5901aa71438c67226daa38d754c0692
  CryptoSwift: c4f2debceb38bf44c80659afe009f71e23e4a082
  NeedleFoundation: 2e546f0d6873a8d823914d04408be2b177fe4335
  Nimble: 622629381bda1dd5678162f21f1368cec7cbba60
  PromiseKit: 876f433b87c970f020e04e35dbe68ab21d240498
  Quick: 4be43f6634acfa727dd106bdf3929ce125ffa79d
  RIBs: 5123eac4e9d988ed4750f38d4baadf924a63a941
  RxCocoa: 94f817b71c07517321eb4f9ad299112ca8af743b
  RxRelay: 1de1523e604c72b6c68feadedd1af3b1b4d0ecbd
  RxSwift: 5710a9e6b17f3c3d6e40d6e559b9fa1e813b2ef8
  SnapKit: 0de968a9fec17499afa29683b05d0c775b6d1c29

PODFILE CHECKSUM: 4e120f3300e48bc9b155f0348a7321174f5ecf79

COCOAPODS: 1.11.3
